# THIS IS AN AUTOGENERATED FILE. DO NOT EDIT THIS FILE DIRECTLY.
# yarn lockfile v1


"@xmldom/xmldom@^0.8.8":
  version "0.8.10"
  resolved "https://registry.yarnpkg.com/@xmldom/xmldom/-/xmldom-0.8.10.tgz#a1337ca426aa61cef9fe15b5b28e340a72f6fa99"
  integrity sha512-2WALfTl4xo2SkGCYRt6rDTFfk9R1czmBvUQy12gK2KuRKIpWEhcbbzy8EZXtz/jkRqHX8bFEc6FC1HjX4TUWYw==

pdf2json@^3.0.5:
  version "3.0.5"
  resolved "https://registry.yarnpkg.com/pdf2json/-/pdf2json-3.0.5.tgz#33fa61d58f8a655a14118311e0366a3f5530cb33"
  integrity sha512-Un1yLbSlk/zfwrltgguskExIioXZlFSFwsyXU0cnBorLywbTbcdzmJJEebh+U2cFCtR7y8nDs5lPHAe7ldxjZg==
  dependencies:
    "@xmldom/xmldom" "^0.8.8"
